
Microsoft Visual Studio Solution File, Format Version 12.00
# Visual Studio Version 17
VisualStudioVersion = 17.10.35013.160
MinimumVisualStudioVersion = 10.0.40219.1
Project("{9A19103F-16F7-4668-BE54-9A1E7A4F7556}") = "MinimalAPIs", "MinimalAPIs\MinimalAPIs.csproj", "{7E2A12CD-A543-4F05-8855-8BECB00B58D3}"
EndProject
Project("{FAE04EC0-301F-11D3-BF4B-00C04F79EFBC}") = "Controller-based APIs", "Controller-based APIs\Controller-based APIs.csproj", "{B7D1BD3D-DABB-4645-A4B2-51B8CD3D47F3}"
EndProject
Global
	GlobalSection(SolutionConfigurationPlatforms) = preSolution
		Debug|Any CPU = Debug|Any CPU
		Release|Any CPU = Release|Any CPU
	EndGlobalSection
	GlobalSection(ProjectConfigurationPlatforms) = postSolution
		{7E2A12CD-A543-4F05-8855-8BECB00B58D3}.Debug|Any CPU.ActiveCfg = Debug|Any CPU
		{7E2A12CD-A543-4F05-8855-8BECB00B58D3}.Debug|Any CPU.Build.0 = Debug|Any CPU
		{7E2A12CD-A543-4F05-8855-8BECB00B58D3}.Release|Any CPU.ActiveCfg = Release|Any CPU
		{7E2A12CD-A543-4F05-8855-8BECB00B58D3}.Release|Any CPU.Build.0 = Release|Any CPU
		{B7D1BD3D-DABB-4645-A4B2-51B8CD3D47F3}.Debug|Any CPU.ActiveCfg = Debug|Any CPU
		{B7D1BD3D-DABB-4645-A4B2-51B8CD3D47F3}.Debug|Any CPU.Build.0 = Debug|Any CPU
		{B7D1BD3D-DABB-4645-A4B2-51B8CD3D47F3}.Release|Any CPU.ActiveCfg = Release|Any CPU
		{B7D1BD3D-DABB-4645-A4B2-51B8CD3D47F3}.Release|Any CPU.Build.0 = Release|Any CPU
	EndGlobalSection
	GlobalSection(SolutionProperties) = preSolution
		HideSolutionNode = FALSE
	EndGlobalSection
	GlobalSection(ExtensibilityGlobals) = postSolution
		SolutionGuid = {709A4498-77CB-40BC-9FA2-8AD040691818}
	EndGlobalSection
EndGlobal
