
Microsoft Visual Studio Solution File, Format Version 12.00
# Visual Studio Version 17
VisualStudioVersion = 17.10.35013.160
MinimumVisualStudioVersion = 10.0.40219.1
Project("{FAE04EC0-301F-11D3-BF4B-00C04F79EFBC}") = "TodoApi", "TodoApi\TodoApi.csproj", "{1E3FD3D9-83F8-4691-AB98-85E8A3DEF5E0}"
EndProject
Global
	GlobalSection(SolutionConfigurationPlatforms) = preSolution
		Debug|Any CPU = Debug|Any CPU
		Release|Any CPU = Release|Any CPU
	EndGlobalSection
	GlobalSection(ProjectConfigurationPlatforms) = postSolution
		{1E3FD3D9-83F8-4691-AB98-85E8A3DEF5E0}.Debug|Any CPU.ActiveCfg = Debug|Any CPU
		{1E3FD3D9-83F8-4691-AB98-85E8A3DEF5E0}.Debug|Any CPU.Build.0 = Debug|Any CPU
		{1E3FD3D9-83F8-4691-AB98-85E8A3DEF5E0}.Release|Any CPU.ActiveCfg = Release|Any CPU
		{1E3FD3D9-83F8-4691-AB98-85E8A3DEF5E0}.Release|Any CPU.Build.0 = Release|Any CPU
	EndGlobalSection
	GlobalSection(SolutionProperties) = preSolution
		HideSolutionNode = FALSE
	EndGlobalSection
	GlobalSection(ExtensibilityGlobals) = postSolution
		SolutionGuid = {709A4498-77CB-40BC-9FA2-8AD040691818}
	EndGlobalSection
EndGlobal
